
Microsoft Visual Studio Solution File, Format Version 12.00
# Visual Studio Version 17
VisualStudioVersion = 17.7.34221.43
MinimumVisualStudioVersion = 10.0.40219.1
Project("{FAE04EC0-301F-11D3-BF4B-00C04F79EFBC}") = "IncapsulareInitiere2", "IncapsulareInitiere2\IncapsulareInitiere2.csproj", "{6E798F6F-D778-43BB-B87B-2C6249D92805}"
EndProject
Global
	GlobalSection(SolutionConfigurationPlatforms) = preSolution
		Debug|Any CPU = Debug|Any CPU
		Release|Any CPU = Release|Any CPU
	EndGlobalSection
	GlobalSection(ProjectConfigurationPlatforms) = postSolution
		{6E798F6F-D778-43BB-B87B-2C6249D92805}.Debug|Any CPU.ActiveCfg = Debug|Any CPU
		{6E798F6F-D778-43BB-B87B-2C6249D92805}.Debug|Any CPU.Build.0 = Debug|Any CPU
		{6E798F6F-D778-43BB-B87B-2C6249D92805}.Release|Any CPU.ActiveCfg = Release|Any CPU
		{6E798F6F-D778-43BB-B87B-2C6249D92805}.Release|Any CPU.Build.0 = Release|Any CPU
	EndGlobalSection
	GlobalSection(SolutionProperties) = preSolution
		HideSolutionNode = FALSE
	EndGlobalSection
	GlobalSection(ExtensibilityGlobals) = postSolution
		SolutionGuid = {72521D39-9FDF-467A-9286-A9ABDA96A018}
	EndGlobalSection
EndGlobal
